// !$*UTF8*$!
{
	archiveVersion = 1;
	classes = {
	};
	objectVersion = 50;
	objects = {

/* Begin PBXBuildFile section */
		1405B60B20A3696600426B2F /* AppDelegate.swift in Sources */ = {isa = PBXBuildFile; fileRef = 1405B60A20A3696600426B2F /* AppDelegate.swift */; };
		1405B60D20A3696600426B2F /* ConnectViewController.swift in Sources */ = {isa = PBXBuildFile; fileRef = 1405B60C20A3696600426B2F /* ConnectViewController.swift */; };
		1405B61020A3696600426B2F /* Main.storyboard in Resources */ = {isa = PBXBuildFile; fileRef = 1405B60E20A3696600426B2F /* Main.storyboard */; };
		1405B61220A3696700426B2F /* Assets.xcassets in Resources */ = {isa = PBXBuildFile; fileRef = 1405B61120A3696700426B2F /* Assets.xcassets */; };
		1405B61520A3696700426B2F /* LaunchScreen.storyboard in Resources */ = {isa = PBXBuildFile; fileRef = 1405B61320A3696700426B2F /* LaunchScreen.storyboard */; };
		1405B61E20A3699B00426B2F /* CoreBluetooth.framework in Frameworks */ = {isa = PBXBuildFile; fileRef = 1405B61D20A3699B00426B2F /* CoreBluetooth.framework */; };
		149112C620A8ED1F004B8FFE /* BlueBotManager.swift in Sources */ = {isa = PBXBuildFile; fileRef = 149112C520A8ED1F004B8FFE /* BlueBotManager.swift */; };
		149112C820A8FA37004B8FFE /* StartViewController.swift in Sources */ = {isa = PBXBuildFile; fileRef = 149112C720A8FA37004B8FFE /* StartViewController.swift */; };
		149112CA20A8FA49004B8FFE /* StopViewController.swift in Sources */ = {isa = PBXBuildFile; fileRef = 149112C920A8FA49004B8FFE /* StopViewController.swift */; };
		149112CC20A961B5004B8FFE /* BlueBotModel.swift in Sources */ = {isa = PBXBuildFile; fileRef = 149112CB20A961B5004B8FFE /* BlueBotModel.swift */; };
/* End PBXBuildFile section */

/* Begin PBXFileReference section */
		1405B60720A3696600426B2F /* BlueBotControl.app */ = {isa = PBXFileReference; explicitFileType = wrapper.application; includeInIndex = 0; path = BlueBotControl.app; sourceTree = BUILT_PRODUCTS_DIR; };
		1405B60A20A3696600426B2F /* AppDelegate.swift */ = {isa = PBXFileReference; lastKnownFileType = sourcecode.swift; path = AppDelegate.swift; sourceTree = "<group>"; };
		1405B60C20A3696600426B2F /* ConnectViewController.swift */ = {isa = PBXFileReference; lastKnownFileType = sourcecode.swift; path = ConnectViewController.swift; sourceTree = "<group>"; };
		1405B60F20A3696600426B2F /* Base */ = {isa = PBXFileReference; lastKnownFileType = file.storyboard; name = Base; path = Base.lproj/Main.storyboard; sourceTree = "<group>"; };
		1405B61120A3696700426B2F /* Assets.xcassets */ = {isa = PBXFileReference; lastKnownFileType = folder.assetcatalog; path = Assets.xcassets; sourceTree = "<group>"; };
		1405B61420A3696700426B2F /* Base */ = {isa = PBXFileReference; lastKnownFileType = file.storyboard; name = Base; path = Base.lproj/LaunchScreen.storyboard; sourceTree = "<group>"; };
		1405B61620A3696700426B2F /* Info.plist */ = {isa = PBXFileReference; lastKnownFileType = text.plist.xml; path = Info.plist; sourceTree = "<group>"; };
		1405B61D20A3699B00426B2F /* CoreBluetooth.framework */ = {isa = PBXFileReference; lastKnownFileType = wrapper.framework; name = CoreBluetooth.framework; path = System/Library/Frameworks/CoreBluetooth.framework; sourceTree = SDKROOT; };
		149112C520A8ED1F004B8FFE /* BlueBotManager.swift */ = {isa = PBXFileReference; lastKnownFileType = sourcecode.swift; path = BlueBotManager.swift; sourceTree = "<group>"; };
		149112C720A8FA37004B8FFE /* StartViewController.swift */ = {isa = PBXFileReference; lastKnownFileType = sourcecode.swift; path = StartViewController.swift; sourceTree = "<group>"; };
		149112C920A8FA49004B8FFE /* StopViewController.swift */ = {isa = PBXFileReference; lastKnownFileType = sourcecode.swift; path = StopViewController.swift; sourceTree = "<group>"; };
		149112CB20A961B5004B8FFE /* BlueBotModel.swift */ = {isa = PBXFileReference; lastKnownFileType = sourcecode.swift; path = BlueBotModel.swift; sourceTree = "<group>"; };
/* End PBXFileReference section */

/* Begin PBXFrameworksBuildPhase section */
		1405B60420A3696600426B2F /* Frameworks */ = {
			isa = PBXFrameworksBuildPhase;
			buildActionMask = 2147483647;
			files = (
				1405B61E20A3699B00426B2F /* CoreBluetooth.framework in Frameworks */,
			);
			runOnlyForDeploymentPostprocessing = 0;
		};
/* End PBXFrameworksBuildPhase section */

/* Begin PBXGroup section */
		1405B5FE20A3696600426B2F = {
			isa = PBXGroup;
			children = (
				1405B60920A3696600426B2F /* BlueBotControl */,
				1405B60820A3696600426B2F /* Products */,
				1405B61C20A3699B00426B2F /* Frameworks */,
			);
			sourceTree = "<group>";
		};
		1405B60820A3696600426B2F /* Products */ = {
			isa = PBXGroup;
			children = (
				1405B60720A3696600426B2F /* BlueBotControl.app */,
			);
			name = Products;
			sourceTree = "<group>";
		};
		1405B60920A3696600426B2F /* BlueBotControl */ = {
			isa = PBXGroup;
			children = (
				1405B60A20A3696600426B2F /* AppDelegate.swift */,
				1405B60C20A3696600426B2F /* ConnectViewController.swift */,
				1405B60E20A3696600426B2F /* Main.storyboard */,
				1405B61120A3696700426B2F /* Assets.xcassets */,
				1405B61320A3696700426B2F /* LaunchScreen.storyboard */,
				1405B61620A3696700426B2F /* Info.plist */,
				149112C520A8ED1F004B8FFE /* BlueBotManager.swift */,
				149112C720A8FA37004B8FFE /* StartViewController.swift */,
				149112C920A8FA49004B8FFE /* StopViewController.swift */,
				149112CB20A961B5004B8FFE /* BlueBotModel.swift */,
			);
			path = BlueBotControl;
			sourceTree = "<group>";
		};
		1405B61C20A3699B00426B2F /* Frameworks */ = {
			isa = PBXGroup;
			children = (
				1405B61D20A3699B00426B2F /* CoreBluetooth.framework */,
			);
			name = Frameworks;
			sourceTree = "<group>";
		};
/* End PBXGroup section */

/* Begin PBXNativeTarget section */
		1405B60620A3696600426B2F /* BlueBotControl */ = {
			isa = PBXNativeTarget;
			buildConfigurationList = 1405B61920A3696700426B2F /* Build configuration list for PBXNativeTarget "BlueBotControl" */;
			buildPhases = (
				1405B60320A3696600426B2F /* Sources */,
				1405B60420A3696600426B2F /* Frameworks */,
				1405B60520A3696600426B2F /* Resources */,
			);
			buildRules = (
			);
			dependencies = (
			);
			name = BlueBotControl;
			productName = BlueBotControl;
			productReference = 1405B60720A3696600426B2F /* BlueBotControl.app */;
			productType = "com.apple.product-type.application";
		};
/* End PBXNativeTarget section */

/* Begin PBXProject section */
		1405B5FF20A3696600426B2F /* Project object */ = {
			isa = PBXProject;
			attributes = {
				LastSwiftUpdateCheck = 0930;
				LastUpgradeCheck = 0930;
				ORGANIZATIONNAME = "Nour Saffaf";
				TargetAttributes = {
					1405B60620A3696600426B2F = {
						CreatedOnToolsVersion = 9.3;
					};
				};
			};
			buildConfigurationList = 1405B60220A3696600426B2F /* Build configuration list for PBXProject "BlueBotControl" */;
			compatibilityVersion = "Xcode 9.3";
			developmentRegion = en;
			hasScannedForEncodings = 0;
			knownRegions = (
				en,
				Base,
			);
			mainGroup = 1405B5FE20A3696600426B2F;
			productRefGroup = 1405B60820A3696600426B2F /* Products */;
			projectDirPath = "";
			projectRoot = "";
			targets = (
				1405B60620A3696600426B2F /* BlueBotControl */,
			);
		};
/* End PBXProject section */

/* Begin PBXResourcesBuildPhase section */
		1405B60520A3696600426B2F /* Resources */ = {
			isa = PBXResourcesBuildPhase;
			buildActionMask = 2147483647;
			files = (
				1405B61520A3696700426B2F /* LaunchScreen.storyboard in Resources */,
				1405B61220A3696700426B2F /* Assets.xcassets in Resources */,
				1405B61020A3696600426B2F /* Main.storyboard in Resources */,
			);
			runOnlyForDeploymentPostprocessing = 0;
		};
/* End PBXResourcesBuildPhase section */

/* Begin PBXSourcesBuildPhase section */
		1405B60320A3696600426B2F /* Sources */ = {
			isa = PBXSourcesBuildPhase;
			buildActionMask = 2147483647;
			files = (
				1405B60D20A3696600426B2F /* ConnectViewController.swift in Sources */,
				149112CA20A8FA49004B8FFE /* StopViewController.swift in Sources */,
				149112C820A8FA37004B8FFE /* StartViewController.swift in Sources */,
				149112C620A8ED1F004B8FFE /* BlueBotManager.swift in Sources */,
				1405B60B20A3696600426B2F /* AppDelegate.swift in Sources */,
				149112CC20A961B5004B8FFE /* BlueBotModel.swift in Sources */,
			);
			runOnlyForDeploymentPostprocessing = 0;
		};
/* End PBXSourcesBuildPhase section */

/* Begin PBXVariantGroup section */
		1405B60E20A3696600426B2F /* Main.storyboard */ = {
			isa = PBXVariantGroup;
			children = (
				1405B60F20A3696600426B2F /* Base */,
			);
			name = Main.storyboard;
			sourceTree = "<group>";
		};
		1405B61320A3696700426B2F /* LaunchScreen.storyboard */ = {
			isa = PBXVariantGroup;
			children = (
				1405B61420A3696700426B2F /* Base */,
			);
			name = LaunchScreen.storyboard;
			sourceTree = "<group>";
		};
/* End PBXVariantGroup section */

/* Begin XCBuildConfiguration section */
		1405B61720A3696700426B2F /* Debug */ = {
			isa = XCBuildConfiguration;
			buildSettings = {
				ALWAYS_SEARCH_USER_PATHS = NO;
				CLANG_ANALYZER_NONNULL = YES;
				CLANG_ANALYZER_NUMBER_OBJECT_CONVERSION = YES_AGGRESSIVE;
				CLANG_CXX_LANGUAGE_STANDARD = "gnu++14";
				CLANG_CXX_LIBRARY = "libc++";
				CLANG_ENABLE_MODULES = YES;
				CLANG_ENABLE_OBJC_ARC = YES;
				CLANG_ENABLE_OBJC_WEAK = YES;
				CLANG_WARN_BLOCK_CAPTURE_AUTORELEASING = YES;
				CLANG_WARN_BOOL_CONVERSION = YES;
				CLANG_WARN_COMMA = YES;
				CLANG_WARN_CONSTANT_CONVERSION = YES;
				CLANG_WARN_DEPRECATED_OBJC_IMPLEMENTATIONS = YES;
				CLANG_WARN_DIRECT_OBJC_ISA_USAGE = YES_ERROR;
				CLANG_WARN_DOCUMENTATION_COMMENTS = YES;
				CLANG_WARN_EMPTY_BODY = YES;
				CLANG_WARN_ENUM_CONVERSION = YES;
				CLANG_WARN_INFINITE_RECURSION = YES;
				CLANG_WARN_INT_CONVERSION = YES;
				CLANG_WARN_NON_LITERAL_NULL_CONVERSION = YES;
				CLANG_WARN_OBJC_IMPLICIT_RETAIN_SELF = YES;
				CLANG_WARN_OBJC_LITERAL_CONVERSION = YES;
				CLANG_WARN_OBJC_ROOT_CLASS = YES_ERROR;
				CLANG_WARN_RANGE_LOOP_ANALYSIS = YES;
				CLANG_WARN_STRICT_PROTOTYPES = YES;
				CLANG_WARN_SUSPICIOUS_MOVE = YES;
				CLANG_WARN_UNGUARDED_AVAILABILITY = YES_AGGRESSIVE;
				CLANG_WARN_UNREACHABLE_CODE = YES;
				CLANG_WARN__DUPLICATE_METHOD_MATCH = YES;
				CODE_SIGN_IDENTITY = "iPhone Developer";
				COPY_PHASE_STRIP = NO;
				DEBUG_INFORMATION_FORMAT = dwarf;
				ENABLE_STRICT_OBJC_MSGSEND = YES;
				ENABLE_TESTABILITY = YES;
				GCC_C_LANGUAGE_STANDARD = gnu11;
				GCC_DYNAMIC_NO_PIC = NO;
				GCC_NO_COMMON_BLOCKS = YES;
				GCC_OPTIMIZATION_LEVEL = 0;
				GCC_PREPROCESSOR_DEFINITIONS = (
					"DEBUG=1",
					"$(inherited)",
				);
				GCC_WARN_64_TO_32_BIT_CONVERSION = YES;
				GCC_WARN_ABOUT_RETURN_TYPE = YES_ERROR;
				GCC_WARN_UNDECLARED_SELECTOR = YES;
				GCC_WARN_UNINITIALIZED_AUTOS = YES_AGGRESSIVE;
				GCC_WARN_UNUSED_FUNCTION = YES;
				GCC_WARN_UNUSED_VARIABLE = YES;
				IPHONEOS_DEPLOYMENT_TARGET = 11.3;
				MTL_ENABLE_DEBUG_INFO = YES;
				ONLY_ACTIVE_ARCH = YES;
				SDKROOT = iphoneos;
				SWIFT_ACTIVE_COMPILATION_CONDITIONS = DEBUG;
				SWIFT_OPTIMIZATION_LEVEL = "-Onone";
			};
			name = Debug;
		};
		1405B61820A3696700426B2F /* Release */ = {
			isa = XCBuildConfiguration;
			buildSettings = {
				ALWAYS_SEARCH_USER_PATHS = NO;
				CLANG_ANALYZER_NONNULL = YES;
				CLANG_ANALYZER_NUMBER_OBJECT_CONVERSION = YES_AGGRESSIVE;
				CLANG_CXX_LANGUAGE_STANDARD = "gnu++14";
				CLANG_CXX_LIBRARY = "libc++";
				CLANG_ENABLE_MODULES = YES;
				CLANG_ENABLE_OBJC_ARC = YES;
				CLANG_ENABLE_OBJC_WEAK = YES;
				CLANG_WARN_BLOCK_CAPTURE_AUTORELEASING = YES;
				CLANG_WARN_BOOL_CONVERSION = YES;
				CLANG_WARN_COMMA = YES;
				CLANG_WARN_CONSTANT_CONVERSION = YES;
				CLANG_WARN_DEPRECATED_OBJC_IMPLEMENTATIONS = YES;
				CLANG_WARN_DIRECT_OBJC_ISA_USAGE = YES_ERROR;
				CLANG_WARN_DOCUMENTATION_COMMENTS = YES;
				CLANG_WARN_EMPTY_BODY = YES;
				CLANG_WARN_ENUM_CONVERSION = YES;
				CLANG_WARN_INFINITE_RECURSION = YES;
				CLANG_WARN_INT_CONVERSION = YES;
				CLANG_WARN_NON_LITERAL_NULL_CONVERSION = YES;
				CLANG_WARN_OBJC_IMPLICIT_RETAIN_SELF = YES;
				CLANG_WARN_OBJC_LITERAL_CONVERSION = YES;
				CLANG_WARN_OBJC_ROOT_CLASS = YES_ERROR;
				CLANG_WARN_RANGE_LOOP_ANALYSIS = YES;
				CLANG_WARN_STRICT_PROTOTYPES = YES;
				CLANG_WARN_SUSPICIOUS_MOVE = YES;
				CLANG_WARN_UNGUARDED_AVAILABILITY = YES_AGGRESSIVE;
				CLANG_WARN_UNREACHABLE_CODE = YES;
				CLANG_WARN__DUPLICATE_METHOD_MATCH = YES;
				CODE_SIGN_IDENTITY = "iPhone Developer";
				COPY_PHASE_STRIP = NO;
				DEBUG_INFORMATION_FORMAT = "dwarf-with-dsym";
				ENABLE_NS_ASSERTIONS = NO;
				ENABLE_STRICT_OBJC_MSGSEND = YES;
				GCC_C_LANGUAGE_STANDARD = gnu11;
				GCC_NO_COMMON_BLOCKS = YES;
				GCC_WARN_64_TO_32_BIT_CONVERSION = YES;
				GCC_WARN_ABOUT_RETURN_TYPE = YES_ERROR;
				GCC_WARN_UNDECLARED_SELECTOR = YES;
				GCC_WARN_UNINITIALIZED_AUTOS = YES_AGGRESSIVE;
				GCC_WARN_UNUSED_FUNCTION = YES;
				GCC_WARN_UNUSED_VARIABLE = YES;
				IPHONEOS_DEPLOYMENT_TARGET = 11.3;
				MTL_ENABLE_DEBUG_INFO = NO;
				SDKROOT = iphoneos;
				SWIFT_COMPILATION_MODE = wholemodule;
				SWIFT_OPTIMIZATION_LEVEL = "-O";
				VALIDATE_PRODUCT = YES;
			};
			name = Release;
		};
		1405B61A20A3696700426B2F /* Debug */ = {
			isa = XCBuildConfiguration;
			buildSettings = {
				ASSETCATALOG_COMPILER_APPICON_NAME = AppIcon;
				CODE_SIGN_STYLE = Automatic;
				DEVELOPMENT_TEAM = 933J8KG6Y8;
				INFOPLIST_FILE = BlueBotControl/Info.plist;
				LD_RUNPATH_SEARCH_PATHS = (
					"$(inherited)",
					"@executable_path/Frameworks",
				);
				PRODUCT_BUNDLE_IDENTIFIER = me.noro.BlueBotControl;
				PRODUCT_NAME = "$(TARGET_NAME)";
				SWIFT_VERSION = 4.0;
				TARGETED_DEVICE_FAMILY = "1,2";
			};
			name = Debug;
		};
		1405B61B20A3696700426B2F /* Release */ = {
			isa = XCBuildConfiguration;
			buildSettings = {
				ASSETCATALOG_COMPILER_APPICON_NAME = AppIcon;
				CODE_SIGN_STYLE = Automatic;
				DEVELOPMENT_TEAM = 933J8KG6Y8;
				INFOPLIST_FILE = BlueBotControl/Info.plist;
				LD_RUNPATH_SEARCH_PATHS = (
					"$(inherited)",
					"@executable_path/Frameworks",
				);
				PRODUCT_BUNDLE_IDENTIFIER = me.noro.BlueBotControl;
				PRODUCT_NAME = "$(TARGET_NAME)";
				SWIFT_VERSION = 4.0;
				TARGETED_DEVICE_FAMILY = "1,2";
			};
			name = Release;
		};
/* End XCBuildConfiguration section */

/* Begin XCConfigurationList section */
		1405B60220A3696600426B2F /* Build configuration list for PBXProject "BlueBotControl" */ = {
			isa = XCConfigurationList;
			buildConfigurations = (
				1405B61720A3696700426B2F /* Debug */,
				1405B61820A3696700426B2F /* Release */,
			);
			defaultConfigurationIsVisible = 0;
			defaultConfigurationName = Release;
		};
		1405B61920A3696700426B2F /* Build configuration list for PBXNativeTarget "BlueBotControl" */ = {
			isa = XCConfigurationList;
			buildConfigurations = (
				1405B61A20A3696700426B2F /* Debug */,
				1405B61B20A3696700426B2F /* Release */,
			);
			defaultConfigurationIsVisible = 0;
			defaultConfigurationName = Release;
		};
/* End XCConfigurationList section */
	};
	rootObject = 1405B5FF20A3696600426B2F /* Project object */;
}
